
Microsoft Visual Studio Solution File, Format Version 12.00
# Visual Studio 2012
Project("{FAE04EC0-301F-11D3-BF4B-00C04F79EFBC}") = "WpfApplication1", "WpfApplication1\WpfApplication1.csproj", "{B16D060E-C5F9-46F9-A35D-B640C1696E74}"
EndProject
Project("{2150E333-8FDC-42A3-9474-1A3956D46DE8}") = "Solution Items", "Solution Items", "{19A32CF4-F0FC-41B8-A15A-CF473E27A843}"
EndProject
Global
	GlobalSection(SolutionConfigurationPlatforms) = preSolution
		Debug|Any CPU = Debug|Any CPU
		Release|Any CPU = Release|Any CPU
	EndGlobalSection
	GlobalSection(ProjectConfigurationPlatforms) = postSolution
		{B16D060E-C5F9-46F9-A35D-B640C1696E74}.Debug|Any CPU.ActiveCfg = Debug|Any CPU
		{B16D060E-C5F9-46F9-A35D-B640C1696E74}.Debug|Any CPU.Build.0 = Debug|Any CPU
		{B16D060E-C5F9-46F9-A35D-B640C1696E74}.Release|Any CPU.ActiveCfg = Release|Any CPU
		{B16D060E-C5F9-46F9-A35D-B640C1696E74}.Release|Any CPU.Build.0 = Release|Any CPU
	EndGlobalSection
	GlobalSection(SolutionProperties) = preSolution
		HideSolutionNode = FALSE
	EndGlobalSection
EndGlobal
